// !$*UTF8*$!
{
	archiveVersion = 1;
	classes = {
	};
	objectVersion = 50;
	objects = {

/* Begin PBXBuildFile section */
		B3CF1E042897A05700F5D80F /* AppDelegate.swift in Sources */ = {isa = PBXBuildFile; fileRef = B3CF1E032897A05700F5D80F /* AppDelegate.swift */; };
		B3CF1E062897A05700F5D80F /* SceneDelegate.swift in Sources */ = {isa = PBXBuildFile; fileRef = B3CF1E052897A05700F5D80F /* SceneDelegate.swift */; };
		B3CF1E082897A05700F5D80F /* ViewController.swift in Sources */ = {isa = PBXBuildFile; fileRef = B3CF1E072897A05700F5D80F /* ViewController.swift */; };
		B3CF1E0B2897A05700F5D80F /* Main.storyboard in Resources */ = {isa = PBXBuildFile; fileRef = B3CF1E092897A05700F5D80F /* Main.storyboard */; };
		B3CF1E0D2897A05800F5D80F /* Assets.xcassets in Resources */ = {isa = PBXBuildFile; fileRef = B3CF1E0C2897A05800F5D80F /* Assets.xcassets */; };
		B3CF1E102897A05800F5D80F /* LaunchScreen.storyboard in Resources */ = {isa = PBXBuildFile; fileRef = B3CF1E0E2897A05800F5D80F /* LaunchScreen.storyboard */; };
		B3CF1E1B2897A05800F5D80F /* PreworkTests.swift in Sources */ = {isa = PBXBuildFile; fileRef = B3CF1E1A2897A05800F5D80F /* PreworkTests.swift */; };
		B3CF1E262897A05800F5D80F /* PreworkUITests.swift in Sources */ = {isa = PBXBuildFile; fileRef = B3CF1E252897A05800F5D80F /* PreworkUITests.swift */; };
/* End PBXBuildFile section */

/* Begin PBXContainerItemProxy section */
		B3CF1E172897A05800F5D80F /* PBXContainerItemProxy */ = {
			isa = PBXContainerItemProxy;
			containerPortal = B3CF1DF82897A05700F5D80F /* Project object */;
			proxyType = 1;
			remoteGlobalIDString = B3CF1DFF2897A05700F5D80F;
			remoteInfo = Prework;
		};
		B3CF1E222897A05800F5D80F /* PBXContainerItemProxy */ = {
			isa = PBXContainerItemProxy;
			containerPortal = B3CF1DF82897A05700F5D80F /* Project object */;
			proxyType = 1;
			remoteGlobalIDString = B3CF1DFF2897A05700F5D80F;
			remoteInfo = Prework;
		};
/* End PBXContainerItemProxy section */

/* Begin PBXFileReference section */
		B3CF1E002897A05700F5D80F /* Prework.app */ = {isa = PBXFileReference; explicitFileType = wrapper.application; includeInIndex = 0; path = Prework.app; sourceTree = BUILT_PRODUCTS_DIR; };
		B3CF1E032897A05700F5D80F /* AppDelegate.swift */ = {isa = PBXFileReference; lastKnownFileType = sourcecode.swift; path = AppDelegate.swift; sourceTree = "<group>"; };
		B3CF1E052897A05700F5D80F /* SceneDelegate.swift */ = {isa = PBXFileReference; lastKnownFileType = sourcecode.swift; path = SceneDelegate.swift; sourceTree = "<group>"; };
		B3CF1E072897A05700F5D80F /* ViewController.swift */ = {isa = PBXFileReference; lastKnownFileType = sourcecode.swift; path = ViewController.swift; sourceTree = "<group>"; };
		B3CF1E0A2897A05700F5D80F /* Base */ = {isa = PBXFileReference; lastKnownFileType = file.storyboard; name = Base; path = Base.lproj/Main.storyboard; sourceTree = "<group>"; };
		B3CF1E0C2897A05800F5D80F /* Assets.xcassets */ = {isa = PBXFileReference; lastKnownFileType = folder.assetcatalog; path = Assets.xcassets; sourceTree = "<group>"; };
		B3CF1E0F2897A05800F5D80F /* Base */ = {isa = PBXFileReference; lastKnownFileType = file.storyboard; name = Base; path = Base.lproj/LaunchScreen.storyboard; sourceTree = "<group>"; };
		B3CF1E112897A05800F5D80F /* Info.plist */ = {isa = PBXFileReference; lastKnownFileType = text.plist.xml; path = Info.plist; sourceTree = "<group>"; };
		B3CF1E162897A05800F5D80F /* PreworkTests.xctest */ = {isa = PBXFileReference; explicitFileType = wrapper.cfbundle; includeInIndex = 0; path = PreworkTests.xctest; sourceTree = BUILT_PRODUCTS_DIR; };
		B3CF1E1A2897A05800F5D80F /* PreworkTests.swift */ = {isa = PBXFileReference; lastKnownFileType = sourcecode.swift; path = PreworkTests.swift; sourceTree = "<group>"; };
		B3CF1E1C2897A05800F5D80F /* Info.plist */ = {isa = PBXFileReference; lastKnownFileType = text.plist.xml; path = Info.plist; sourceTree = "<group>"; };
		B3CF1E212897A05800F5D80F /* PreworkUITests.xctest */ = {isa = PBXFileReference; explicitFileType = wrapper.cfbundle; includeInIndex = 0; path = PreworkUITests.xctest; sourceTree = BUILT_PRODUCTS_DIR; };
		B3CF1E252897A05800F5D80F /* PreworkUITests.swift */ = {isa = PBXFileReference; lastKnownFileType = sourcecode.swift; path = PreworkUITests.swift; sourceTree = "<group>"; };
		B3CF1E272897A05800F5D80F /* Info.plist */ = {isa = PBXFileReference; lastKnownFileType = text.plist.xml; path = Info.plist; sourceTree = "<group>"; };
/* End PBXFileReference section */

/* Begin PBXFrameworksBuildPhase section */
		B3CF1DFD2897A05700F5D80F /* Frameworks */ = {
			isa = PBXFrameworksBuildPhase;
			buildActionMask = 2147483647;
			files = (
			);
			runOnlyForDeploymentPostprocessing = 0;
		};
		B3CF1E132897A05800F5D80F /* Frameworks */ = {
			isa = PBXFrameworksBuildPhase;
			buildActionMask = 2147483647;
			files = (
			);
			runOnlyForDeploymentPostprocessing = 0;
		};
		B3CF1E1E2897A05800F5D80F /* Frameworks */ = {
			isa = PBXFrameworksBuildPhase;
			buildActionMask = 2147483647;
			files = (
			);
			runOnlyForDeploymentPostprocessing = 0;
		};
/* End PBXFrameworksBuildPhase section */

/* Begin PBXGroup section */
		B3CF1DF72897A05700F5D80F = {
			isa = PBXGroup;
			children = (
				B3CF1E022897A05700F5D80F /* Prework */,
				B3CF1E192897A05800F5D80F /* PreworkTests */,
				B3CF1E242897A05800F5D80F /* PreworkUITests */,
				B3CF1E012897A05700F5D80F /* Products */,
			);
			sourceTree = "<group>";
		};
		B3CF1E012897A05700F5D80F /* Products */ = {
			isa = PBXGroup;
			children = (
				B3CF1E002897A05700F5D80F /* Prework.app */,
				B3CF1E162897A05800F5D80F /* PreworkTests.xctest */,
				B3CF1E212897A05800F5D80F /* PreworkUITests.xctest */,
			);
			name = Products;
			sourceTree = "<group>";
		};
		B3CF1E022897A05700F5D80F /* Prework */ = {
			isa = PBXGroup;
			children = (
				B3CF1E032897A05700F5D80F /* AppDelegate.swift */,
				B3CF1E052897A05700F5D80F /* SceneDelegate.swift */,
				B3CF1E072897A05700F5D80F /* ViewController.swift */,
				B3CF1E092897A05700F5D80F /* Main.storyboard */,
				B3CF1E0C2897A05800F5D80F /* Assets.xcassets */,
				B3CF1E0E2897A05800F5D80F /* LaunchScreen.storyboard */,
				B3CF1E112897A05800F5D80F /* Info.plist */,
			);
			path = Prework;
			sourceTree = "<group>";
		};
		B3CF1E192897A05800F5D80F /* PreworkTests */ = {
			isa = PBXGroup;
			children = (
				B3CF1E1A2897A05800F5D80F /* PreworkTests.swift */,
				B3CF1E1C2897A05800F5D80F /* Info.plist */,
			);
			path = PreworkTests;
			sourceTree = "<group>";
		};
		B3CF1E242897A05800F5D80F /* PreworkUITests */ = {
			isa = PBXGroup;
			children = (
				B3CF1E252897A05800F5D80F /* PreworkUITests.swift */,
				B3CF1E272897A05800F5D80F /* Info.plist */,
			);
			path = PreworkUITests;
			sourceTree = "<group>";
		};
/* End PBXGroup section */

/* Begin PBXNativeTarget section */
		B3CF1DFF2897A05700F5D80F /* Prework */ = {
			isa = PBXNativeTarget;
			buildConfigurationList = B3CF1E2A2897A05800F5D80F /* Build configuration list for PBXNativeTarget "Prework" */;
			buildPhases = (
				B3CF1DFC2897A05700F5D80F /* Sources */,
				B3CF1DFD2897A05700F5D80F /* Frameworks */,
				B3CF1DFE2897A05700F5D80F /* Resources */,
			);
			buildRules = (
			);
			dependencies = (
			);
			name = Prework;
			productName = Prework;
			productReference = B3CF1E002897A05700F5D80F /* Prework.app */;
			productType = "com.apple.product-type.application";
		};
		B3CF1E152897A05800F5D80F /* PreworkTests */ = {
			isa = PBXNativeTarget;
			buildConfigurationList = B3CF1E2D2897A05800F5D80F /* Build configuration list for PBXNativeTarget "PreworkTests" */;
			buildPhases = (
				B3CF1E122897A05800F5D80F /* Sources */,
				B3CF1E132897A05800F5D80F /* Frameworks */,
				B3CF1E142897A05800F5D80F /* Resources */,
			);
			buildRules = (
			);
			dependencies = (
				B3CF1E182897A05800F5D80F /* PBXTargetDependency */,
			);
			name = PreworkTests;
			productName = PreworkTests;
			productReference = B3CF1E162897A05800F5D80F /* PreworkTests.xctest */;
			productType = "com.apple.product-type.bundle.unit-test";
		};
		B3CF1E202897A05800F5D80F /* PreworkUITests */ = {
			isa = PBXNativeTarget;
			buildConfigurationList = B3CF1E302897A05800F5D80F /* Build configuration list for PBXNativeTarget "PreworkUITests" */;
			buildPhases = (
				B3CF1E1D2897A05800F5D80F /* Sources */,
				B3CF1E1E2897A05800F5D80F /* Frameworks */,
				B3CF1E1F2897A05800F5D80F /* Resources */,
			);
			buildRules = (
			);
			dependencies = (
				B3CF1E232897A05800F5D80F /* PBXTargetDependency */,
			);
			name = PreworkUITests;
			productName = PreworkUITests;
			productReference = B3CF1E212897A05800F5D80F /* PreworkUITests.xctest */;
			productType = "com.apple.product-type.bundle.ui-testing";
		};
/* End PBXNativeTarget section */

/* Begin PBXProject section */
		B3CF1DF82897A05700F5D80F /* Project object */ = {
			isa = PBXProject;
			attributes = {
				LastSwiftUpdateCheck = 1140;
				LastUpgradeCheck = 1140;
				ORGANIZATIONNAME = "Shentong Lu";
				TargetAttributes = {
					B3CF1DFF2897A05700F5D80F = {
						CreatedOnToolsVersion = 11.4.1;
					};
					B3CF1E152897A05800F5D80F = {
						CreatedOnToolsVersion = 11.4.1;
						TestTargetID = B3CF1DFF2897A05700F5D80F;
					};
					B3CF1E202897A05800F5D80F = {
						CreatedOnToolsVersion = 11.4.1;
						TestTargetID = B3CF1DFF2897A05700F5D80F;
					};
				};
			};
			buildConfigurationList = B3CF1DFB2897A05700F5D80F /* Build configuration list for PBXProject "Prework" */;
			compatibilityVersion = "Xcode 9.3";
			developmentRegion = en;
			hasScannedForEncodings = 0;
			knownRegions = (
				en,
				Base,
			);
			mainGroup = B3CF1DF72897A05700F5D80F;
			productRefGroup = B3CF1E012897A05700F5D80F /* Products */;
			projectDirPath = "";
			projectRoot = "";
			targets = (
				B3CF1DFF2897A05700F5D80F /* Prework */,
				B3CF1E152897A05800F5D80F /* PreworkTests */,
				B3CF1E202897A05800F5D80F /* PreworkUITests */,
			);
		};
/* End PBXProject section */

/* Begin PBXResourcesBuildPhase section */
		B3CF1DFE2897A05700F5D80F /* Resources */ = {
			isa = PBXResourcesBuildPhase;
			buildActionMask = 2147483647;
			files = (
				B3CF1E102897A05800F5D80F /* LaunchScreen.storyboard in Resources */,
				B3CF1E0D2897A05800F5D80F /* Assets.xcassets in Resources */,
				B3CF1E0B2897A05700F5D80F /* Main.storyboard in Resources */,
			);
			runOnlyForDeploymentPostprocessing = 0;
		};
		B3CF1E142897A05800F5D80F /* Resources */ = {
			isa = PBXResourcesBuildPhase;
			buildActionMask = 2147483647;
			files = (
			);
			runOnlyForDeploymentPostprocessing = 0;
		};
		B3CF1E1F2897A05800F5D80F /* Resources */ = {
			isa = PBXResourcesBuildPhase;
			buildActionMask = 2147483647;
			files = (
			);
			runOnlyForDeploymentPostprocessing = 0;
		};
/* End PBXResourcesBuildPhase section */

/* Begin PBXSourcesBuildPhase section */
		B3CF1DFC2897A05700F5D80F /* Sources */ = {
			isa = PBXSourcesBuildPhase;
			buildActionMask = 2147483647;
			files = (
				B3CF1E082897A05700F5D80F /* ViewController.swift in Sources */,
				B3CF1E042897A05700F5D80F /* AppDelegate.swift in Sources */,
				B3CF1E062897A05700F5D80F /* SceneDelegate.swift in Sources */,
			);
			runOnlyForDeploymentPostprocessing = 0;
		};
		B3CF1E122897A05800F5D80F /* Sources */ = {
			isa = PBXSourcesBuildPhase;
			buildActionMask = 2147483647;
			files = (
				B3CF1E1B2897A05800F5D80F /* PreworkTests.swift in Sources */,
			);
			runOnlyForDeploymentPostprocessing = 0;
		};
		B3CF1E1D2897A05800F5D80F /* Sources */ = {
			isa = PBXSourcesBuildPhase;
			buildActionMask = 2147483647;
			files = (
				B3CF1E262897A05800F5D80F /* PreworkUITests.swift in Sources */,
			);
			runOnlyForDeploymentPostprocessing = 0;
		};
/* End PBXSourcesBuildPhase section */

/* Begin PBXTargetDependency section */
		B3CF1E182897A05800F5D80F /* PBXTargetDependency */ = {
			isa = PBXTargetDependency;
			target = B3CF1DFF2897A05700F5D80F /* Prework */;
			targetProxy = B3CF1E172897A05800F5D80F /* PBXContainerItemProxy */;
		};
		B3CF1E232897A05800F5D80F /* PBXTargetDependency */ = {
			isa = PBXTargetDependency;
			target = B3CF1DFF2897A05700F5D80F /* Prework */;
			targetProxy = B3CF1E222897A05800F5D80F /* PBXContainerItemProxy */;
		};
/* End PBXTargetDependency section */

/* Begin PBXVariantGroup section */
		B3CF1E092897A05700F5D80F /* Main.storyboard */ = {
			isa = PBXVariantGroup;
			children = (
				B3CF1E0A2897A05700F5D80F /* Base */,
			);
			name = Main.storyboard;
			sourceTree = "<group>";
		};
		B3CF1E0E2897A05800F5D80F /* LaunchScreen.storyboard */ = {
			isa = PBXVariantGroup;
			children = (
				B3CF1E0F2897A05800F5D80F /* Base */,
			);
			name = LaunchScreen.storyboard;
			sourceTree = "<group>";
		};
/* End PBXVariantGroup section */

/* Begin XCBuildConfiguration section */
		B3CF1E282897A05800F5D80F /* Debug */ = {
			isa = XCBuildConfiguration;
			buildSettings = {
				ALWAYS_SEARCH_USER_PATHS = NO;
				CLANG_ANALYZER_NONNULL = YES;
				CLANG_ANALYZER_NUMBER_OBJECT_CONVERSION = YES_AGGRESSIVE;
				CLANG_CXX_LANGUAGE_STANDARD = "gnu++14";
				CLANG_CXX_LIBRARY = "libc++";
				CLANG_ENABLE_MODULES = YES;
				CLANG_ENABLE_OBJC_ARC = YES;
				CLANG_ENABLE_OBJC_WEAK = YES;
				CLANG_WARN_BLOCK_CAPTURE_AUTORELEASING = YES;
				CLANG_WARN_BOOL_CONVERSION = YES;
				CLANG_WARN_COMMA = YES;
				CLANG_WARN_CONSTANT_CONVERSION = YES;
				CLANG_WARN_DEPRECATED_OBJC_IMPLEMENTATIONS = YES;
				CLANG_WARN_DIRECT_OBJC_ISA_USAGE = YES_ERROR;
				CLANG_WARN_DOCUMENTATION_COMMENTS = YES;
				CLANG_WARN_EMPTY_BODY = YES;
				CLANG_WARN_ENUM_CONVERSION = YES;
				CLANG_WARN_INFINITE_RECURSION = YES;
				CLANG_WARN_INT_CONVERSION = YES;
				CLANG_WARN_NON_LITERAL_NULL_CONVERSION = YES;
				CLANG_WARN_OBJC_IMPLICIT_RETAIN_SELF = YES;
				CLANG_WARN_OBJC_LITERAL_CONVERSION = YES;
				CLANG_WARN_OBJC_ROOT_CLASS = YES_ERROR;
				CLANG_WARN_RANGE_LOOP_ANALYSIS = YES;
				CLANG_WARN_STRICT_PROTOTYPES = YES;
				CLANG_WARN_SUSPICIOUS_MOVE = YES;
				CLANG_WARN_UNGUARDED_AVAILABILITY = YES_AGGRESSIVE;
				CLANG_WARN_UNREACHABLE_CODE = YES;
				CLANG_WARN__DUPLICATE_METHOD_MATCH = YES;
				COPY_PHASE_STRIP = NO;
				DEBUG_INFORMATION_FORMAT = dwarf;
				ENABLE_STRICT_OBJC_MSGSEND = YES;
				ENABLE_TESTABILITY = YES;
				GCC_C_LANGUAGE_STANDARD = gnu11;
				GCC_DYNAMIC_NO_PIC = NO;
				GCC_NO_COMMON_BLOCKS = YES;
				GCC_OPTIMIZATION_LEVEL = 0;
				GCC_PREPROCESSOR_DEFINITIONS = (
					"DEBUG=1",
					"$(inherited)",
				);
				GCC_WARN_64_TO_32_BIT_CONVERSION = YES;
				GCC_WARN_ABOUT_RETURN_TYPE = YES_ERROR;
				GCC_WARN_UNDECLARED_SELECTOR = YES;
				GCC_WARN_UNINITIALIZED_AUTOS = YES_AGGRESSIVE;
				GCC_WARN_UNUSED_FUNCTION = YES;
				GCC_WARN_UNUSED_VARIABLE = YES;
				IPHONEOS_DEPLOYMENT_TARGET = 13.4;
				MTL_ENABLE_DEBUG_INFO = INCLUDE_SOURCE;
				MTL_FAST_MATH = YES;
				ONLY_ACTIVE_ARCH = YES;
				SDKROOT = iphoneos;
				SWIFT_ACTIVE_COMPILATION_CONDITIONS = DEBUG;
				SWIFT_OPTIMIZATION_LEVEL = "-Onone";
			};
			name = Debug;
		};
		B3CF1E292897A05800F5D80F /* Release */ = {
			isa = XCBuildConfiguration;
			buildSettings = {
				ALWAYS_SEARCH_USER_PATHS = NO;
				CLANG_ANALYZER_NONNULL = YES;
				CLANG_ANALYZER_NUMBER_OBJECT_CONVERSION = YES_AGGRESSIVE;
				CLANG_CXX_LANGUAGE_STANDARD = "gnu++14";
				CLANG_CXX_LIBRARY = "libc++";
				CLANG_ENABLE_MODULES = YES;
				CLANG_ENABLE_OBJC_ARC = YES;
				CLANG_ENABLE_OBJC_WEAK = YES;
				CLANG_WARN_BLOCK_CAPTURE_AUTORELEASING = YES;
				CLANG_WARN_BOOL_CONVERSION = YES;
				CLANG_WARN_COMMA = YES;
				CLANG_WARN_CONSTANT_CONVERSION = YES;
				CLANG_WARN_DEPRECATED_OBJC_IMPLEMENTATIONS = YES;
				CLANG_WARN_DIRECT_OBJC_ISA_USAGE = YES_ERROR;
				CLANG_WARN_DOCUMENTATION_COMMENTS = YES;
				CLANG_WARN_EMPTY_BODY = YES;
				CLANG_WARN_ENUM_CONVERSION = YES;
				CLANG_WARN_INFINITE_RECURSION = YES;
				CLANG_WARN_INT_CONVERSION = YES;
				CLANG_WARN_NON_LITERAL_NULL_CONVERSION = YES;
				CLANG_WARN_OBJC_IMPLICIT_RETAIN_SELF = YES;
				CLANG_WARN_OBJC_LITERAL_CONVERSION = YES;
				CLANG_WARN_OBJC_ROOT_CLASS = YES_ERROR;
				CLANG_WARN_RANGE_LOOP_ANALYSIS = YES;
				CLANG_WARN_STRICT_PROTOTYPES = YES;
				CLANG_WARN_SUSPICIOUS_MOVE = YES;
				CLANG_WARN_UNGUARDED_AVAILABILITY = YES_AGGRESSIVE;
				CLANG_WARN_UNREACHABLE_CODE = YES;
				CLANG_WARN__DUPLICATE_METHOD_MATCH = YES;
				COPY_PHASE_STRIP = NO;
				DEBUG_INFORMATION_FORMAT = "dwarf-with-dsym";
				ENABLE_NS_ASSERTIONS = NO;
				ENABLE_STRICT_OBJC_MSGSEND = YES;
				GCC_C_LANGUAGE_STANDARD = gnu11;
				GCC_NO_COMMON_BLOCKS = YES;
				GCC_WARN_64_TO_32_BIT_CONVERSION = YES;
				GCC_WARN_ABOUT_RETURN_TYPE = YES_ERROR;
				GCC_WARN_UNDECLARED_SELECTOR = YES;
				GCC_WARN_UNINITIALIZED_AUTOS = YES_AGGRESSIVE;
				GCC_WARN_UNUSED_FUNCTION = YES;
				GCC_WARN_UNUSED_VARIABLE = YES;
				IPHONEOS_DEPLOYMENT_TARGET = 13.4;
				MTL_ENABLE_DEBUG_INFO = NO;
				MTL_FAST_MATH = YES;
				SDKROOT = iphoneos;
				SWIFT_COMPILATION_MODE = wholemodule;
				SWIFT_OPTIMIZATION_LEVEL = "-O";
				VALIDATE_PRODUCT = YES;
			};
			name = Release;
		};
		B3CF1E2B2897A05800F5D80F /* Debug */ = {
			isa = XCBuildConfiguration;
			buildSettings = {
				ASSETCATALOG_COMPILER_APPICON_NAME = AppIcon;
				CODE_SIGN_STYLE = Automatic;
				INFOPLIST_FILE = Prework/Info.plist;
				LD_RUNPATH_SEARCH_PATHS = (
					"$(inherited)",
					"@executable_path/Frameworks",
				);
				PRODUCT_BUNDLE_IDENTIFIER = CodePath.Prework;
				PRODUCT_NAME = "$(TARGET_NAME)";
				SWIFT_VERSION = 5.0;
				TARGETED_DEVICE_FAMILY = "1,2";
			};
			name = Debug;
		};
		B3CF1E2C2897A05800F5D80F /* Release */ = {
			isa = XCBuildConfiguration;
			buildSettings = {
				ASSETCATALOG_COMPILER_APPICON_NAME = AppIcon;
				CODE_SIGN_STYLE = Automatic;
				INFOPLIST_FILE = Prework/Info.plist;
				LD_RUNPATH_SEARCH_PATHS = (
					"$(inherited)",
					"@executable_path/Frameworks",
				);
				PRODUCT_BUNDLE_IDENTIFIER = CodePath.Prework;
				PRODUCT_NAME = "$(TARGET_NAME)";
				SWIFT_VERSION = 5.0;
				TARGETED_DEVICE_FAMILY = "1,2";
			};
			name = Release;
		};
		B3CF1E2E2897A05800F5D80F /* Debug */ = {
			isa = XCBuildConfiguration;
			buildSettings = {
				ALWAYS_EMBED_SWIFT_STANDARD_LIBRARIES = YES;
				BUNDLE_LOADER = "$(TEST_HOST)";
				CODE_SIGN_STYLE = Automatic;
				INFOPLIST_FILE = PreworkTests/Info.plist;
				IPHONEOS_DEPLOYMENT_TARGET = 13.4;
				LD_RUNPATH_SEARCH_PATHS = (
					"$(inherited)",
					"@executable_path/Frameworks",
					"@loader_path/Frameworks",
				);
				PRODUCT_BUNDLE_IDENTIFIER = CodePath.PreworkTests;
				PRODUCT_NAME = "$(TARGET_NAME)";
				SWIFT_VERSION = 5.0;
				TARGETED_DEVICE_FAMILY = "1,2";
				TEST_HOST = "$(BUILT_PRODUCTS_DIR)/Prework.app/Prework";
			};
			name = Debug;
		};
		B3CF1E2F2897A05800F5D80F /* Release */ = {
			isa = XCBuildConfiguration;
			buildSettings = {
				ALWAYS_EMBED_SWIFT_STANDARD_LIBRARIES = YES;
				BUNDLE_LOADER = "$(TEST_HOST)";
				CODE_SIGN_STYLE = Automatic;
				INFOPLIST_FILE = PreworkTests/Info.plist;
				IPHONEOS_DEPLOYMENT_TARGET = 13.4;
				LD_RUNPATH_SEARCH_PATHS = (
					"$(inherited)",
					"@executable_path/Frameworks",
					"@loader_path/Frameworks",
				);
				PRODUCT_BUNDLE_IDENTIFIER = CodePath.PreworkTests;
				PRODUCT_NAME = "$(TARGET_NAME)";
				SWIFT_VERSION = 5.0;
				TARGETED_DEVICE_FAMILY = "1,2";
				TEST_HOST = "$(BUILT_PRODUCTS_DIR)/Prework.app/Prework";
			};
			name = Release;
		};
		B3CF1E312897A05800F5D80F /* Debug */ = {
			isa = XCBuildConfiguration;
			buildSettings = {
				ALWAYS_EMBED_SWIFT_STANDARD_LIBRARIES = YES;
				CODE_SIGN_STYLE = Automatic;
				INFOPLIST_FILE = PreworkUITests/Info.plist;
				LD_RUNPATH_SEARCH_PATHS = (
					"$(inherited)",
					"@executable_path/Frameworks",
					"@loader_path/Frameworks",
				);
				PRODUCT_BUNDLE_IDENTIFIER = CodePath.PreworkUITests;
				PRODUCT_NAME = "$(TARGET_NAME)";
				SWIFT_VERSION = 5.0;
				TARGETED_DEVICE_FAMILY = "1,2";
				TEST_TARGET_NAME = Prework;
			};
			name = Debug;
		};
		B3CF1E322897A05800F5D80F /* Release */ = {
			isa = XCBuildConfiguration;
			buildSettings = {
				ALWAYS_EMBED_SWIFT_STANDARD_LIBRARIES = YES;
				CODE_SIGN_STYLE = Automatic;
				INFOPLIST_FILE = PreworkUITests/Info.plist;
				LD_RUNPATH_SEARCH_PATHS = (
					"$(inherited)",
					"@executable_path/Frameworks",
					"@loader_path/Frameworks",
				);
				PRODUCT_BUNDLE_IDENTIFIER = CodePath.PreworkUITests;
				PRODUCT_NAME = "$(TARGET_NAME)";
				SWIFT_VERSION = 5.0;
				TARGETED_DEVICE_FAMILY = "1,2";
				TEST_TARGET_NAME = Prework;
			};
			name = Release;
		};
/* End XCBuildConfiguration section */

/* Begin XCConfigurationList section */
		B3CF1DFB2897A05700F5D80F /* Build configuration list for PBXProject "Prework" */ = {
			isa = XCConfigurationList;
			buildConfigurations = (
				B3CF1E282897A05800F5D80F /* Debug */,
				B3CF1E292897A05800F5D80F /* Release */,
			);
			defaultConfigurationIsVisible = 0;
			defaultConfigurationName = Release;
		};
		B3CF1E2A2897A05800F5D80F /* Build configuration list for PBXNativeTarget "Prework" */ = {
			isa = XCConfigurationList;
			buildConfigurations = (
				B3CF1E2B2897A05800F5D80F /* Debug */,
				B3CF1E2C2897A05800F5D80F /* Release */,
			);
			defaultConfigurationIsVisible = 0;
			defaultConfigurationName = Release;
		};
		B3CF1E2D2897A05800F5D80F /* Build configuration list for PBXNativeTarget "PreworkTests" */ = {
			isa = XCConfigurationList;
			buildConfigurations = (
				B3CF1E2E2897A05800F5D80F /* Debug */,
				B3CF1E2F2897A05800F5D80F /* Release */,
			);
			defaultConfigurationIsVisible = 0;
			defaultConfigurationName = Release;
		};
		B3CF1E302897A05800F5D80F /* Build configuration list for PBXNativeTarget "PreworkUITests" */ = {
			isa = XCConfigurationList;
			buildConfigurations = (
				B3CF1E312897A05800F5D80F /* Debug */,
				B3CF1E322897A05800F5D80F /* Release */,
			);
			defaultConfigurationIsVisible = 0;
			defaultConfigurationName = Release;
		};
/* End XCConfigurationList section */
	};
	rootObject = B3CF1DF82897A05700F5D80F /* Project object */;
}
